{
  "name": "sepoliaultimisimo",
  "version": "1.0.0",
  "lockfileVersion": 3,
  "requires": true,
  "packages": {
    "": {
      "name": "sepoliaultimisimo",
      "version": "1.0.0",
      "license": "ISC",
      "dependencies": {
        "csv-parse": "^6.0.0"
      }
    },
    "node_modules/csv-parse": {
      "version": "6.0.0",
      "resolved": "https://registry.npmjs.org/csv-parse/-/csv-parse-6.0.0.tgz",
      "integrity": "sha512-6aB9WrymEruVDwQOwa5AuYk4/Gb+HaJgLHGKOA9BXTqgsIFvbdHzQzZOuqNCOooTGciPDaHzTlGkU5P6kYVUYw==",
      "license": "MIT"
    }
  }
}
